
Microsoft Visual Studio Solution File, Format Version 12.00
# Visual Studio Version 17
VisualStudioVersion = 17.10.35201.131
MinimumVisualStudioVersion = 10.0.40219.1
Project("{9A19103F-16F7-4668-BE54-9A1E7A4F7556}") = "LINQQueries", "LINQExamples_1\LINQQueries.csproj", "{2DD41A52-FA27-4868-A904-30E4B13D868B}"
EndProject
Global
	GlobalSection(SolutionConfigurationPlatforms) = preSolution
		Debug|Any CPU = Debug|Any CPU
		Release|Any CPU = Release|Any CPU
	EndGlobalSection
	GlobalSection(ProjectConfigurationPlatforms) = postSolution
		{2DD41A52-FA27-4868-A904-30E4B13D868B}.Debug|Any CPU.ActiveCfg = Debug|Any CPU
		{2DD41A52-FA27-4868-A904-30E4B13D868B}.Debug|Any CPU.Build.0 = Debug|Any CPU
		{2DD41A52-FA27-4868-A904-30E4B13D868B}.Release|Any CPU.ActiveCfg = Release|Any CPU
		{2DD41A52-FA27-4868-A904-30E4B13D868B}.Release|Any CPU.Build.0 = Release|Any CPU
	EndGlobalSection
	GlobalSection(SolutionProperties) = preSolution
		HideSolutionNode = FALSE
	EndGlobalSection
	GlobalSection(ExtensibilityGlobals) = postSolution
		SolutionGuid = {9110572F-65CD-407A-BD02-5E2D4EBAB735}
	EndGlobalSection
EndGlobal
